lockfile_version: '1'
apm_version: 0.31.0
dependencies:
- repo_url: _local/qubership-workflow-hub-usage
  name: qubership-workflow-hub-usage
  version: 1.0.0
  package_type: apm_package
  deployed_files:
  - .claude/rules/qubership-workflow-hub-usage.md
  - .claude/skills/qubership-actions-guide
  - .claude/skills/qubership-actions-guide/SKILL.md
  - .claude/skills/qubership-actions-guide/cla.md
  - .claude/skills/qubership-actions-guide/cleanup.md
  - .claude/skills/qubership-actions-guide/docker.md
  - .claude/skills/qubership-actions-guide/helm.md
  - .claude/skills/qubership-actions-guide/maven.md
  - .claude/skills/qubership-actions-guide/notifications.md
  - .claude/skills/qubership-actions-guide/pr.md
  - .claude/skills/qubership-actions-guide/release.md
  - .claude/skills/qubership-actions-guide/security.md
  - .claude/skills/qubership-actions-guide/utilities.md
  - .claude/skills/qubership-templates-guide
  - .claude/skills/qubership-templates-guide/SKILL.md
  - .claude/skills/qubership-workflow-conventions
  - .claude/skills/qubership-workflow-conventions/SKILL.md
  - .claude/skills/qubership-workflow-conventions/debugging-playbook.md
  - .claude/skills/qubership-workflow-conventions/security-model.md
  - .claude/skills/qubership-workflow-conventions/workflow-patterns.md
  - .claude/skills/qubership-workflow-conventions/zizmor-rules.md
  deployed_file_hashes:
    .claude/rules/qubership-workflow-hub-usage.md: sha256:3b936301f81645936d916eb4b21578b8721dc373b521062860d7ed7731681636
    .claude/skills/qubership-actions-guide/SKILL.md: sha256:209a8bf5a0099b9298013616bfd74f169fb3d46237d80914a782b3ba90cdb130
    .claude/skills/qubership-actions-guide/cla.md: sha256:63272dd1730d2cc2d5218f66ab05463829aef8f544b32695038ed4d60bb1bdc8
    .claude/skills/qubership-actions-guide/cleanup.md: sha256:05b82bb4f1933c39981600ac53f916c510741eb25d3636b8b99bc31a600f7560
    .claude/skills/qubership-actions-guide/docker.md: sha256:50859ac4df9bc845d383cf47cb3dcf8a8846fae4b9d3bbbbd42e265338bcb65b
    .claude/skills/qubership-actions-guide/helm.md: sha256:2ea93804c4b487ead21619bd17858d9576f71e1def26531548f4ff1d22a00824
    .claude/skills/qubership-actions-guide/maven.md: sha256:05e2975120a9e482630d35084ef44a86a0a85a686f99bfd39f3a84cf0055d134
    .claude/skills/qubership-actions-guide/notifications.md: sha256:924424eb5dcdc17fdcb155a090af714a09e906e0808a520262dc7c2b0a4c5f5c
    .claude/skills/qubership-actions-guide/pr.md: sha256:b584affbec960cac32d107806ebf7fe10394609788941579c42c1b38c478f1f9
    .claude/skills/qubership-actions-guide/release.md: sha256:d26279c090f6e75733683c93e2c9f75413dd4293004d83960d784a2ee24303c8
    .claude/skills/qubership-actions-guide/security.md: sha256:1c9ccbc41dd3524783efa0891036ea6c5680f4aacf74452ee65716a5a9f825aa
    .claude/skills/qubership-actions-guide/utilities.md: sha256:48d8766f47b1831682f4701ab323855bbc04e6689feda7eb2f8892a47a37cdcf
    .claude/skills/qubership-templates-guide/SKILL.md: sha256:1b8c37cfd3e230a3b145118957d7545baa73eee1d47a25d9186ae680e051fc44
    .claude/skills/qubership-workflow-conventions/SKILL.md: sha256:4e73031615cf16fa3ed72ff1bd66c2a2e1ddf4e44c9cf34cd931ce0e105aa1bf
    .claude/skills/qubership-workflow-conventions/debugging-playbook.md: sha256:4609eff134db5534ed21be6772e0595369c32525aecd25c9b9d8b0ffcbeabcfa
    .claude/skills/qubership-workflow-conventions/security-model.md: sha256:fe3f48341fa66504572e3b0779244e77d608e1fb437997eae6ab45c0c5cd133b
    .claude/skills/qubership-workflow-conventions/workflow-patterns.md: sha256:5e3162d18c8d8a205dd5a42a30e7d20447135de535786fb43ce384f184707b25
    .claude/skills/qubership-workflow-conventions/zizmor-rules.md: sha256:f0b1e9aa4def06f87e0bb8fff6ef23cdcfbd0565891cd64b274460e8029034dc
  source: local
  local_path: ./agent-packages/qubership-workflow-hub-usage
  is_dev: true
- repo_url: netcracker/qubership-ai-agent-telemetry
  materialization_repo_url: Netcracker/qubership-ai-agent-telemetry
  name: ai-agent-telemetry
  host: github.com
  resolved_commit: 80a44ba6099415ab1ceb0093ca86cf2edc7303ab
  resolved_ref: v1.1.1
  version: 1.1.0
  virtual_path: agent-packages/ai-agent-telemetry
  is_virtual: true
  package_type: apm_package
  content_hash: sha256:904b22854131af2c8f635fafbfee31b42dd42377660968399d9bc0a24e670dd4
  is_dev: true
deployments:
- kind: project-relative
  target: claude
  value: .claude/rules/qubership-workflow-hub-usage.md
  runtime: null
  scope: project
  owners:
  - ./agent-packages/qubership-workflow-hub-usage
  active_owner: ./agent-packages/qubership-workflow-hub-usage
  content_hash: sha256:3b936301f81645936d916eb4b21578b8721dc373b521062860d7ed7731681636
- kind: project-relative
  target: claude
  value: .claude/skills/qubership-actions-guide
  runtime: null
  scope: project
  owners:
  - ./agent-packages/qubership-workflow-hub-usage
  active_owner: ./agent-packages/qubership-workflow-hub-usage
  content_hash: null
- kind: project-relative
  target: claude
  value: .claude/skills/qubership-actions-guide/SKILL.md
  runtime: null
  scope: project
  owners:
  - ./agent-packages/qubership-workflow-hub-usage
  active_owner: ./agent-packages/qubership-workflow-hub-usage
  content_hash: sha256:209a8bf5a0099b9298013616bfd74f169fb3d46237d80914a782b3ba90cdb130
- kind: project-relative
  target: claude
  value: .claude/skills/qubership-actions-guide/cla.md
  runtime: null
  scope: project
  owners:
  - ./agent-packages/qubership-workflow-hub-usage
  active_owner: ./agent-packages/qubership-workflow-hub-usage
  content_hash: sha256:63272dd1730d2cc2d5218f66ab05463829aef8f544b32695038ed4d60bb1bdc8
- kind: project-relative
  target: claude
  value: .claude/skills/qubership-actions-guide/cleanup.md
  runtime: null
  scope: project
  owners:
  - ./agent-packages/qubership-workflow-hub-usage
  active_owner: ./agent-packages/qubership-workflow-hub-usage
  content_hash: sha256:05b82bb4f1933c39981600ac53f916c510741eb25d3636b8b99bc31a600f7560
- kind: project-relative
  target: claude
  value: .claude/skills/qubership-actions-guide/docker.md
  runtime: null
  scope: project
  owners:
  - ./agent-packages/qubership-workflow-hub-usage
  active_owner: ./agent-packages/qubership-workflow-hub-usage
  content_hash: sha256:50859ac4df9bc845d383cf47cb3dcf8a8846fae4b9d3bbbbd42e265338bcb65b
- kind: project-relative
  target: claude
  value: .claude/skills/qubership-actions-guide/helm.md
  runtime: null
  scope: project
  owners:
  - ./agent-packages/qubership-workflow-hub-usage
  active_owner: ./agent-packages/qubership-workflow-hub-usage
  content_hash: sha256:2ea93804c4b487ead21619bd17858d9576f71e1def26531548f4ff1d22a00824
- kind: project-relative
  target: claude
  value: .claude/skills/qubership-actions-guide/maven.md
  runtime: null
  scope: project
  owners:
  - ./agent-packages/qubership-workflow-hub-usage
  active_owner: ./agent-packages/qubership-workflow-hub-usage
  content_hash: sha256:05e2975120a9e482630d35084ef44a86a0a85a686f99bfd39f3a84cf0055d134
- kind: project-relative
  target: claude
  value: .claude/skills/qubership-actions-guide/notifications.md
  runtime: null
  scope: project
  owners:
  - ./agent-packages/qubership-workflow-hub-usage
  active_owner: ./agent-packages/qubership-workflow-hub-usage
  content_hash: sha256:924424eb5dcdc17fdcb155a090af714a09e906e0808a520262dc7c2b0a4c5f5c
- kind: project-relative
  target: claude
  value: .claude/skills/qubership-actions-guide/pr.md
  runtime: null
  scope: project
  owners:
  - ./agent-packages/qubership-workflow-hub-usage
  active_owner: ./agent-packages/qubership-workflow-hub-usage
  content_hash: sha256:b584affbec960cac32d107806ebf7fe10394609788941579c42c1b38c478f1f9
- kind: project-relative
  target: claude
  value: .claude/skills/qubership-actions-guide/release.md
  runtime: null
  scope: project
  owners:
  - ./agent-packages/qubership-workflow-hub-usage
  active_owner: ./agent-packages/qubership-workflow-hub-usage
  content_hash: sha256:d26279c090f6e75733683c93e2c9f75413dd4293004d83960d784a2ee24303c8
- kind: project-relative
  target: claude
  value: .claude/skills/qubership-actions-guide/security.md
  runtime: null
  scope: project
  owners:
  - ./agent-packages/qubership-workflow-hub-usage
  active_owner: ./agent-packages/qubership-workflow-hub-usage
  content_hash: sha256:1c9ccbc41dd3524783efa0891036ea6c5680f4aacf74452ee65716a5a9f825aa
- kind: project-relative
  target: claude
  value: .claude/skills/qubership-actions-guide/utilities.md
  runtime: null
  scope: project
  owners:
  - ./agent-packages/qubership-workflow-hub-usage
  active_owner: ./agent-packages/qubership-workflow-hub-usage
  content_hash: sha256:48d8766f47b1831682f4701ab323855bbc04e6689feda7eb2f8892a47a37cdcf
- kind: project-relative
  target: claude
  value: .claude/skills/qubership-templates-guide
  runtime: null
  scope: project
  owners:
  - ./agent-packages/qubership-workflow-hub-usage
  active_owner: ./agent-packages/qubership-workflow-hub-usage
  content_hash: null
- kind: project-relative
  target: claude
  value: .claude/skills/qubership-templates-guide/SKILL.md
  runtime: null
  scope: project
  owners:
  - ./agent-packages/qubership-workflow-hub-usage
  active_owner: ./agent-packages/qubership-workflow-hub-usage
  content_hash: sha256:1b8c37cfd3e230a3b145118957d7545baa73eee1d47a25d9186ae680e051fc44
- kind: project-relative
  target: claude
  value: .claude/skills/qubership-workflow-conventions
  runtime: null
  scope: project
  owners:
  - ./agent-packages/qubership-workflow-hub-usage
  active_owner: ./agent-packages/qubership-workflow-hub-usage
  content_hash: null
- kind: project-relative
  target: claude
  value: .claude/skills/qubership-workflow-conventions/SKILL.md
  runtime: null
  scope: project
  owners:
  - ./agent-packages/qubership-workflow-hub-usage
  active_owner: ./agent-packages/qubership-workflow-hub-usage
  content_hash: sha256:4e73031615cf16fa3ed72ff1bd66c2a2e1ddf4e44c9cf34cd931ce0e105aa1bf
- kind: project-relative
  target: claude
  value: .claude/skills/qubership-workflow-conventions/debugging-playbook.md
  runtime: null
  scope: project
  owners:
  - ./agent-packages/qubership-workflow-hub-usage
  active_owner: ./agent-packages/qubership-workflow-hub-usage
  content_hash: sha256:4609eff134db5534ed21be6772e0595369c32525aecd25c9b9d8b0ffcbeabcfa
- kind: project-relative
  target: claude
  value: .claude/skills/qubership-workflow-conventions/security-model.md
  runtime: null
  scope: project
  owners:
  - ./agent-packages/qubership-workflow-hub-usage
  active_owner: ./agent-packages/qubership-workflow-hub-usage
  content_hash: sha256:fe3f48341fa66504572e3b0779244e77d608e1fb437997eae6ab45c0c5cd133b
- kind: project-relative
  target: claude
  value: .claude/skills/qubership-workflow-conventions/workflow-patterns.md
  runtime: null
  scope: project
  owners:
  - ./agent-packages/qubership-workflow-hub-usage
  active_owner: ./agent-packages/qubership-workflow-hub-usage
  content_hash: sha256:5e3162d18c8d8a205dd5a42a30e7d20447135de535786fb43ce384f184707b25
- kind: project-relative
  target: claude
  value: .claude/skills/qubership-workflow-conventions/zizmor-rules.md
  runtime: null
  scope: project
  owners:
  - ./agent-packages/qubership-workflow-hub-usage
  active_owner: ./agent-packages/qubership-workflow-hub-usage
  content_hash: sha256:f0b1e9aa4def06f87e0bb8fff6ef23cdcfbd0565891cd64b274460e8029034dc
