lockfile_version: '1'
generated_at: '2026-08-11T09:10:19.437224+00:00'
apm_version: 0.15.0
dependencies:
- repo_url: _local/qubership-workflow-hub-usage
  package_type: apm_package
  deployed_files:
  - .claude/rules/qubership-workflow-hub-usage.md
  - .claude/skills/qubership-actions-guide
  - .claude/skills/qubership-templates-guide
  - .claude/skills/qubership-workflow-conventions
  deployed_file_hashes:
    .claude/rules/qubership-workflow-hub-usage.md: sha256:3b936301f81645936d916eb4b21578b8721dc373b521062860d7ed7731681636
  source: local
  local_path: ./agent-packages/qubership-workflow-hub-usage
  is_dev: true
